<?xml version="1.0" encoding="utf-8"?>
<Project ToolsVersion="4.0" xmlns="http://schemas.microsoft.com/developer/msbuild/2003">
  <ItemGroup>
    <Filter Include="Source Files">
      <UniqueIdentifier>{4FC737F1-C7A5-4376-A066-2A32D752A2FF}</UniqueIdentifier>
      <Extensions>cpp;c;cc;cxx;c++;def;odl;idl;hpj;bat;asm;asmx</Extensions>
    </Filter>
    <Filter Include="Header Files">
      <UniqueIdentifier>{93995380-89BD-4b04-88EB-625FBE52EBFB}</UniqueIdentifier>
      <Extensions>h;hh;hpp;hxx;h++;hm;inl;inc;ipp;xsd</Extensions>
    </Filter>
    <Filter Include="Resource Files">
      <UniqueIdentifier>{67DA6AB6-F800-4c08-8B7A-83BB121AAD01}</UniqueIdentifier>
      <Extensions>rc;ico;cur;bmp;dlg;rc2;rct;bin;rgs;gif;jpg;jpeg;jpe;resx;tiff;tif;png;wav;mfcribbon-ms</Extensions>
    </Filter>
    <Filter Include="Source Files\Search">
      <UniqueIdentifier>{f6b4b9b4-61d8-45aa-b2ff-ea4f7dc56d57}</UniqueIdentifier>
    </Filter>
    <Filter Include="Source Files\Sort">
      <UniqueIdentifier>{88c309f5-20e7-426e-b744-67eb6f90b2c6}</UniqueIdentifier>
    </Filter>
    <Filter Include="Source Files\DataStructure">
      <UniqueIdentifier>{2d4061f7-57f5-4ece-bf89-a74ee45b4619}</UniqueIdentifier>
    </Filter>
  </ItemGroup>
  <ItemGroup>
    <ClCompile Include="test.cpp">
      <Filter>Source Files</Filter>
    </ClCompile>
    <ClCompile Include="test2.cpp">
      <Filter>Source Files</Filter>
    </ClCompile>
    <ClCompile Include="BinarySearch-verB.cpp">
      <Filter>Source Files\Search</Filter>
    </ClCompile>
    <ClCompile Include="BinarySearch-verA_AverageCostTest.cpp">
      <Filter>Source Files\Search</Filter>
    </ClCompile>
    <ClCompile Include="BinarySearch.cpp">
      <Filter>Source Files\Search</Filter>
    </ClCompile>
    <ClCompile Include="countingSort.cpp">
      <Filter>Source Files\Sort</Filter>
    </ClCompile>
    <ClCompile Include="HoarePartition_quickSort.cpp">
      <Filter>Source Files\Sort</Filter>
    </ClCompile>
    <ClCompile Include="InsertionSort_MergeSort.cpp">
      <Filter>Source Files\Sort</Filter>
    </ClCompile>
    <ClCompile Include="InsertionSort_MergeSort_class.cpp">
      <Filter>Source Files\Sort</Filter>
    </ClCompile>
    <ClCompile Include="LomutoPartition_quickSort.cpp">
      <Filter>Source Files\Sort</Filter>
    </ClCompile>
    <ClCompile Include="minHeap-based-priority-queue_words.cpp">
      <Filter>Source Files</Filter>
    </ClCompile>
    <ClCompile Include="Compare_Hoare_Lomuto_Partition.cpp">
      <Filter>Source Files\Sort</Filter>
    </ClCompile>
    <ClCompile Include="countNumber.cpp">
      <Filter>Source Files\Sort</Filter>
    </ClCompile>
    <ClCompile Include="BST_string.cpp">
      <Filter>Source Files\DataStructure</Filter>
    </ClCompile>
    <ClCompile Include="BST_string2.cpp">
      <Filter>Source Files\DataStructure</Filter>
    </ClCompile>
  </ItemGroup>
</Project>